
Microsoft Visual Studio Solution File, Format Version 12.00
# Visual Studio Version 17
VisualStudioVersion = 17.8.34330.188
MinimumVisualStudioVersion = 10.0.40219.1
Project("{9A19103F-16F7-4668-BE54-9A1E7A4F7556}") = "ChangeNotification", "ChangeNotification\ChangeNotification.csproj", "{D37E8879-9603-4DE2-AC68-C8C1B3903EE6}"
EndProject
Project("{9A19103F-16F7-4668-BE54-9A1E7A4F7556}") = "MessageProcessor", "MessageProcessor\MessageProcessor.csproj", "{0BC9638D-D478-4D29-828A-5B2D59E1A0DB}"
EndProject
Project("{9A19103F-16F7-4668-BE54-9A1E7A4F7556}") = "Shared", "Shared\Shared.csproj", "{6C4B5B1C-AB72-425A-9DA2-1AA26DD5AEEE}"
EndProject
Global
	GlobalSection(SolutionConfigurationPlatforms) = preSolution
		Debug|Any CPU = Debug|Any CPU
		Release|Any CPU = Release|Any CPU
	EndGlobalSection
	GlobalSection(ProjectConfigurationPlatforms) = postSolution
		{D37E8879-9603-4DE2-AC68-C8C1B3903EE6}.Debug|Any CPU.ActiveCfg = Debug|Any CPU
		{D37E8879-9603-4DE2-AC68-C8C1B3903EE6}.Debug|Any CPU.Build.0 = Debug|Any CPU
		{D37E8879-9603-4DE2-AC68-C8C1B3903EE6}.Release|Any CPU.ActiveCfg = Release|Any CPU
		{D37E8879-9603-4DE2-AC68-C8C1B3903EE6}.Release|Any CPU.Build.0 = Release|Any CPU
		{0BC9638D-D478-4D29-828A-5B2D59E1A0DB}.Debug|Any CPU.ActiveCfg = Debug|Any CPU
		{0BC9638D-D478-4D29-828A-5B2D59E1A0DB}.Debug|Any CPU.Build.0 = Debug|Any CPU
		{0BC9638D-D478-4D29-828A-5B2D59E1A0DB}.Release|Any CPU.ActiveCfg = Release|Any CPU
		{0BC9638D-D478-4D29-828A-5B2D59E1A0DB}.Release|Any CPU.Build.0 = Release|Any CPU
		{6C4B5B1C-AB72-425A-9DA2-1AA26DD5AEEE}.Debug|Any CPU.ActiveCfg = Debug|Any CPU
		{6C4B5B1C-AB72-425A-9DA2-1AA26DD5AEEE}.Debug|Any CPU.Build.0 = Debug|Any CPU
		{6C4B5B1C-AB72-425A-9DA2-1AA26DD5AEEE}.Release|Any CPU.ActiveCfg = Release|Any CPU
		{6C4B5B1C-AB72-425A-9DA2-1AA26DD5AEEE}.Release|Any CPU.Build.0 = Release|Any CPU
	EndGlobalSection
	GlobalSection(SolutionProperties) = preSolution
		HideSolutionNode = FALSE
	EndGlobalSection
	GlobalSection(ExtensibilityGlobals) = postSolution
		SolutionGuid = {3405130F-8620-43D4-B38F-25FAC48EF3BB}
	EndGlobalSection
EndGlobal
